
Microsoft Visual Studio Solution File, Format Version 12.00
# Visual Studio Version 17
VisualStudioVersion = 17.3.32929.385
MinimumVisualStudioVersion = 10.0.40219.1
Project("{FAE04EC0-301F-11D3-BF4B-00C04F79EFBC}") = "OneShopIE", "OneShopIE\OneShopIE.csproj", "{FCACEBC0-C20F-4CA6-8F2C-4C39B6451029}"
EndProject
Global
	GlobalSection(SolutionConfigurationPlatforms) = preSolution
		Debug|Any CPU = Debug|Any CPU
		Release|Any CPU = Release|Any CPU
	EndGlobalSection
	GlobalSection(ProjectConfigurationPlatforms) = postSolution
		{FCACEBC0-C20F-4CA6-8F2C-4C39B6451029}.Debug|Any CPU.ActiveCfg = Debug|Any CPU
		{FCACEBC0-C20F-4CA6-8F2C-4C39B6451029}.Debug|Any CPU.Build.0 = Debug|Any CPU
		{FCACEBC0-C20F-4CA6-8F2C-4C39B6451029}.Release|Any CPU.ActiveCfg = Release|Any CPU
		{FCACEBC0-C20F-4CA6-8F2C-4C39B6451029}.Release|Any CPU.Build.0 = Release|Any CPU
	EndGlobalSection
	GlobalSection(SolutionProperties) = preSolution
		HideSolutionNode = FALSE
	EndGlobalSection
	GlobalSection(ExtensibilityGlobals) = postSolution
		SolutionGuid = {D84589AD-72F2-453D-A752-7D9E11157413}
	EndGlobalSection
EndGlobal
